// !$*UTF8*$!
{
	archiveVersion = 1;
	classes = {
	};
	objectVersion = 51;
	objects = {

/* Begin PBXBuildFile section */
		0523A91B261C86ED006802CF /* RoundedButton.swift in Sources */ = {isa = PBXBuildFile; fileRef = 0523A91A261C86ED006802CF /* RoundedButton.swift */; };
		0523A91E261C884A006802CF /* RoundedBorderTxtField.swift in Sources */ = {isa = PBXBuildFile; fileRef = 0523A91D261C884A006802CF /* RoundedBorderTxtField.swift */; };
		0523A921261C9043006802CF /* Repo.swift in Sources */ = {isa = PBXBuildFile; fileRef = 0523A920261C9043006802CF /* Repo.swift */; };
		0523A924261CAB47006802CF /* TrendingRepoCell.swift in Sources */ = {isa = PBXBuildFile; fileRef = 0523A923261CAB47006802CF /* TrendingRepoCell.swift */; };
		05A1D4A4261DC38A0011BB2F /* Constants.swift in Sources */ = {isa = PBXBuildFile; fileRef = 05A1D4A3261DC38A0011BB2F /* Constants.swift */; };
		05A1D4A9261DC62E0011BB2F /* DownloadService.swift in Sources */ = {isa = PBXBuildFile; fileRef = 05A1D4A8261DC62E0011BB2F /* DownloadService.swift */; };
		05C9D19B2625F68A002652BF /* SearchCell.swift in Sources */ = {isa = PBXBuildFile; fileRef = 05C9D19A2625F68A002652BF /* SearchCell.swift */; };
		05C9D19F2626BAF1002652BF /* UIViewControllerExt.swift in Sources */ = {isa = PBXBuildFile; fileRef = 05C9D19E2626BAF1002652BF /* UIViewControllerExt.swift */; };
		05E3A77A261C66D400DC1E29 /* AppDelegate.swift in Sources */ = {isa = PBXBuildFile; fileRef = 05E3A779261C66D400DC1E29 /* AppDelegate.swift */; };
		05E3A77C261C66D400DC1E29 /* SceneDelegate.swift in Sources */ = {isa = PBXBuildFile; fileRef = 05E3A77B261C66D400DC1E29 /* SceneDelegate.swift */; };
		05E3A77E261C66D400DC1E29 /* TrendingFeedVC.swift in Sources */ = {isa = PBXBuildFile; fileRef = 05E3A77D261C66D400DC1E29 /* TrendingFeedVC.swift */; };
		05E3A781261C66D400DC1E29 /* Main.storyboard in Resources */ = {isa = PBXBuildFile; fileRef = 05E3A77F261C66D400DC1E29 /* Main.storyboard */; };
		05E3A783261C66D400DC1E29 /* Assets.xcassets in Resources */ = {isa = PBXBuildFile; fileRef = 05E3A782261C66D400DC1E29 /* Assets.xcassets */; };
		05E3A786261C66D400DC1E29 /* LaunchScreen.storyboard in Resources */ = {isa = PBXBuildFile; fileRef = 05E3A784261C66D400DC1E29 /* LaunchScreen.storyboard */; };
		05E3A7AD261C6DE100DC1E29 /* LoadingView.swift in Sources */ = {isa = PBXBuildFile; fileRef = 05E3A7AC261C6DE100DC1E29 /* LoadingView.swift */; };
		05E3A7B2261C6FCF00DC1E29 /* SearchVC.swift in Sources */ = {isa = PBXBuildFile; fileRef = 05E3A7B1261C6FCF00DC1E29 /* SearchVC.swift */; };
		198B2C5FF46F1FA53088EA52 /* Pods_versi_app.framework in Frameworks */ = {isa = PBXBuildFile; fileRef = 4D51B2EA78432DB74E2748DC /* Pods_versi_app.framework */; };
/* End PBXBuildFile section */

/* Begin PBXFileReference section */
		0523A91A261C86ED006802CF /* RoundedButton.swift */ = {isa = PBXFileReference; lastKnownFileType = sourcecode.swift; path = RoundedButton.swift; sourceTree = "<group>"; };
		0523A91D261C884A006802CF /* RoundedBorderTxtField.swift */ = {isa = PBXFileReference; lastKnownFileType = sourcecode.swift; path = RoundedBorderTxtField.swift; sourceTree = "<group>"; };
		0523A920261C9043006802CF /* Repo.swift */ = {isa = PBXFileReference; lastKnownFileType = sourcecode.swift; path = Repo.swift; sourceTree = "<group>"; };
		0523A923261CAB47006802CF /* TrendingRepoCell.swift */ = {isa = PBXFileReference; lastKnownFileType = sourcecode.swift; path = TrendingRepoCell.swift; sourceTree = "<group>"; };
		05A1D4A3261DC38A0011BB2F /* Constants.swift */ = {isa = PBXFileReference; lastKnownFileType = sourcecode.swift; path = Constants.swift; sourceTree = "<group>"; };
		05A1D4A8261DC62E0011BB2F /* DownloadService.swift */ = {isa = PBXFileReference; lastKnownFileType = sourcecode.swift; path = DownloadService.swift; sourceTree = "<group>"; };
		05C9D19A2625F68A002652BF /* SearchCell.swift */ = {isa = PBXFileReference; lastKnownFileType = sourcecode.swift; path = SearchCell.swift; sourceTree = "<group>"; };
		05C9D19E2626BAF1002652BF /* UIViewControllerExt.swift */ = {isa = PBXFileReference; lastKnownFileType = sourcecode.swift; path = UIViewControllerExt.swift; sourceTree = "<group>"; };
		05E3A776261C66D400DC1E29 /* versi-app.app */ = {isa = PBXFileReference; explicitFileType = wrapper.application; includeInIndex = 0; path = "versi-app.app"; sourceTree = BUILT_PRODUCTS_DIR; };
		05E3A779261C66D400DC1E29 /* AppDelegate.swift */ = {isa = PBXFileReference; lastKnownFileType = sourcecode.swift; path = AppDelegate.swift; sourceTree = "<group>"; };
		05E3A77B261C66D400DC1E29 /* SceneDelegate.swift */ = {isa = PBXFileReference; lastKnownFileType = sourcecode.swift; path = SceneDelegate.swift; sourceTree = "<group>"; };
		05E3A77D261C66D400DC1E29 /* TrendingFeedVC.swift */ = {isa = PBXFileReference; lastKnownFileType = sourcecode.swift; path = TrendingFeedVC.swift; sourceTree = "<group>"; };
		05E3A780261C66D400DC1E29 /* Base */ = {isa = PBXFileReference; lastKnownFileType = file.storyboard; name = Base; path = Base.lproj/Main.storyboard; sourceTree = "<group>"; };
		05E3A782261C66D400DC1E29 /* Assets.xcassets */ = {isa = PBXFileReference; lastKnownFileType = folder.assetcatalog; path = Assets.xcassets; sourceTree = "<group>"; };
		05E3A785261C66D400DC1E29 /* Base */ = {isa = PBXFileReference; lastKnownFileType = file.storyboard; name = Base; path = Base.lproj/LaunchScreen.storyboard; sourceTree = "<group>"; };
		05E3A787261C66D400DC1E29 /* Info.plist */ = {isa = PBXFileReference; lastKnownFileType = text.plist.xml; path = Info.plist; sourceTree = "<group>"; };
		05E3A7AC261C6DE100DC1E29 /* LoadingView.swift */ = {isa = PBXFileReference; lastKnownFileType = sourcecode.swift; path = LoadingView.swift; sourceTree = "<group>"; };
		05E3A7B1261C6FCF00DC1E29 /* SearchVC.swift */ = {isa = PBXFileReference; lastKnownFileType = sourcecode.swift; path = SearchVC.swift; sourceTree = "<group>"; };
		18F89D2ACEF2753AE908F4C8 /* Pods-versi-app.debug.xcconfig */ = {isa = PBXFileReference; includeInIndex = 1; lastKnownFileType = text.xcconfig; name = "Pods-versi-app.debug.xcconfig"; path = "Target Support Files/Pods-versi-app/Pods-versi-app.debug.xcconfig"; sourceTree = "<group>"; };
		4D51B2EA78432DB74E2748DC /* Pods_versi_app.framework */ = {isa = PBXFileReference; explicitFileType = wrapper.framework; includeInIndex = 0; path = Pods_versi_app.framework; sourceTree = BUILT_PRODUCTS_DIR; };
		B39CDA184C898DBBEAB429D1 /* Pods-versi-app.release.xcconfig */ = {isa = PBXFileReference; includeInIndex = 1; lastKnownFileType = text.xcconfig; name = "Pods-versi-app.release.xcconfig"; path = "Target Support Files/Pods-versi-app/Pods-versi-app.release.xcconfig"; sourceTree = "<group>"; };
/* End PBXFileReference section */

/* Begin PBXFrameworksBuildPhase section */
		05E3A773261C66D400DC1E29 /* Frameworks */ = {
			isa = PBXFrameworksBuildPhase;
			buildActionMask = 2147483647;
			files = (
				198B2C5FF46F1FA53088EA52 /* Pods_versi_app.framework in Frameworks */,
			);
			runOnlyForDeploymentPostprocessing = 0;
		};
/* End PBXFrameworksBuildPhase section */

/* Begin PBXGroup section */
		003DD06CF7DB6303C8E0640D /* Frameworks */ = {
			isa = PBXGroup;
			children = (
				4D51B2EA78432DB74E2748DC /* Pods_versi_app.framework */,
			);
			name = Frameworks;
			sourceTree = "<group>";
		};
		05A1D4A2261DC3740011BB2F /* Utilities */ = {
			isa = PBXGroup;
			children = (
				05A1D4A3261DC38A0011BB2F /* Constants.swift */,
			);
			path = Utilities;
			sourceTree = "<group>";
		};
		05A1D4A7261DC6120011BB2F /* Services */ = {
			isa = PBXGroup;
			children = (
				05A1D4A8261DC62E0011BB2F /* DownloadService.swift */,
			);
			path = Services;
			sourceTree = "<group>";
		};
		05C9D19D2626BAB9002652BF /* Extensions */ = {
			isa = PBXGroup;
			children = (
				05C9D19E2626BAF1002652BF /* UIViewControllerExt.swift */,
			);
			path = Extensions;
			sourceTree = "<group>";
		};
		05E3A76D261C66D400DC1E29 = {
			isa = PBXGroup;
			children = (
				05E3A778261C66D400DC1E29 /* versi-app */,
				05E3A777261C66D400DC1E29 /* Products */,
				06DE62E79476049F74CF6DA2 /* Pods */,
				003DD06CF7DB6303C8E0640D /* Frameworks */,
			);
			sourceTree = "<group>";
		};
		05E3A777261C66D400DC1E29 /* Products */ = {
			isa = PBXGroup;
			children = (
				05E3A776261C66D400DC1E29 /* versi-app.app */,
			);
			name = Products;
			sourceTree = "<group>";
		};
		05E3A778261C66D400DC1E29 /* versi-app */ = {
			isa = PBXGroup;
			children = (
				05C9D19D2626BAB9002652BF /* Extensions */,
				05A1D4A7261DC6120011BB2F /* Services */,
				05A1D4A2261DC3740011BB2F /* Utilities */,
				05E3A790261C672700DC1E29 /* Model */,
				05E3A78F261C672200DC1E29 /* View */,
				05E3A791261C672C00DC1E29 /* Controller */,
				05E3A779261C66D400DC1E29 /* AppDelegate.swift */,
				05E3A77B261C66D400DC1E29 /* SceneDelegate.swift */,
				05E3A77F261C66D400DC1E29 /* Main.storyboard */,
				05E3A782261C66D400DC1E29 /* Assets.xcassets */,
				05E3A784261C66D400DC1E29 /* LaunchScreen.storyboard */,
				05E3A787261C66D400DC1E29 /* Info.plist */,
			);
			path = "versi-app";
			sourceTree = "<group>";
		};
		05E3A78F261C672200DC1E29 /* View */ = {
			isa = PBXGroup;
			children = (
				05E3A7AC261C6DE100DC1E29 /* LoadingView.swift */,
				0523A91A261C86ED006802CF /* RoundedButton.swift */,
				0523A91D261C884A006802CF /* RoundedBorderTxtField.swift */,
				0523A923261CAB47006802CF /* TrendingRepoCell.swift */,
				05C9D19A2625F68A002652BF /* SearchCell.swift */,
			);
			path = View;
			sourceTree = "<group>";
		};
		05E3A790261C672700DC1E29 /* Model */ = {
			isa = PBXGroup;
			children = (
				0523A920261C9043006802CF /* Repo.swift */,
			);
			path = Model;
			sourceTree = "<group>";
		};
		05E3A791261C672C00DC1E29 /* Controller */ = {
			isa = PBXGroup;
			children = (
				05E3A77D261C66D400DC1E29 /* TrendingFeedVC.swift */,
				05E3A7B1261C6FCF00DC1E29 /* SearchVC.swift */,
			);
			path = Controller;
			sourceTree = "<group>";
		};
		06DE62E79476049F74CF6DA2 /* Pods */ = {
			isa = PBXGroup;
			children = (
				18F89D2ACEF2753AE908F4C8 /* Pods-versi-app.debug.xcconfig */,
				B39CDA184C898DBBEAB429D1 /* Pods-versi-app.release.xcconfig */,
			);
			path = Pods;
			sourceTree = "<group>";
		};
/* End PBXGroup section */

/* Begin PBXNativeTarget section */
		05E3A775261C66D400DC1E29 /* versi-app */ = {
			isa = PBXNativeTarget;
			buildConfigurationList = 05E3A78A261C66D400DC1E29 /* Build configuration list for PBXNativeTarget "versi-app" */;
			buildPhases = (
				126085DB99DC712F19E3C5ED /* [CP] Check Pods Manifest.lock */,
				05E3A772261C66D400DC1E29 /* Sources */,
				05E3A773261C66D400DC1E29 /* Frameworks */,
				05E3A774261C66D400DC1E29 /* Resources */,
				F5CA623F7FC018F1ED2609F2 /* [CP] Embed Pods Frameworks */,
			);
			buildRules = (
			);
			dependencies = (
			);
			name = "versi-app";
			productName = "versi-app";
			productReference = 05E3A776261C66D400DC1E29 /* versi-app.app */;
			productType = "com.apple.product-type.application";
		};
/* End PBXNativeTarget section */

/* Begin PBXProject section */
		05E3A76E261C66D400DC1E29 /* Project object */ = {
			isa = PBXProject;
			attributes = {
				LastSwiftUpdateCheck = 1240;
				LastUpgradeCheck = 1240;
				TargetAttributes = {
					05E3A775261C66D400DC1E29 = {
						CreatedOnToolsVersion = 12.4;
					};
				};
			};
			buildConfigurationList = 05E3A771261C66D400DC1E29 /* Build configuration list for PBXProject "versi-app" */;
			compatibilityVersion = "Xcode 9.3";
			developmentRegion = en;
			hasScannedForEncodings = 0;
			knownRegions = (
				en,
				Base,
			);
			mainGroup = 05E3A76D261C66D400DC1E29;
			productRefGroup = 05E3A777261C66D400DC1E29 /* Products */;
			projectDirPath = "";
			projectRoot = "";
			targets = (
				05E3A775261C66D400DC1E29 /* versi-app */,
			);
		};
/* End PBXProject section */

/* Begin PBXResourcesBuildPhase section */
		05E3A774261C66D400DC1E29 /* Resources */ = {
			isa = PBXResourcesBuildPhase;
			buildActionMask = 2147483647;
			files = (
				05E3A786261C66D400DC1E29 /* LaunchScreen.storyboard in Resources */,
				05E3A783261C66D400DC1E29 /* Assets.xcassets in Resources */,
				05E3A781261C66D400DC1E29 /* Main.storyboard in Resources */,
			);
			runOnlyForDeploymentPostprocessing = 0;
		};
/* End PBXResourcesBuildPhase section */

/* Begin PBXShellScriptBuildPhase section */
		126085DB99DC712F19E3C5ED /* [CP] Check Pods Manifest.lock */ = {
			isa = PBXShellScriptBuildPhase;
			buildActionMask = 2147483647;
			files = (
			);
			inputFileListPaths = (
			);
			inputPaths = (
				"${PODS_PODFILE_DIR_PATH}/Podfile.lock",
				"${PODS_ROOT}/Manifest.lock",
			);
			name = "[CP] Check Pods Manifest.lock";
			outputFileListPaths = (
			);
			outputPaths = (
				"$(DERIVED_FILE_DIR)/Pods-versi-app-checkManifestLockResult.txt",
			);
			runOnlyForDeploymentPostprocessing = 0;
			shellPath = /bin/sh;
			shellScript = "diff \"${PODS_PODFILE_DIR_PATH}/Podfile.lock\" \"${PODS_ROOT}/Manifest.lock\" > /dev/null\nif [ $? != 0 ] ; then\n    # print error to STDERR\n    echo \"error: The sandbox is not in sync with the Podfile.lock. Run 'pod install' or update your CocoaPods installation.\" >&2\n    exit 1\nfi\n# This output is used by Xcode 'outputs' to avoid re-running this script phase.\necho \"SUCCESS\" > \"${SCRIPT_OUTPUT_FILE_0}\"\n";
			showEnvVarsInLog = 0;
		};
		F5CA623F7FC018F1ED2609F2 /* [CP] Embed Pods Frameworks */ = {
			isa = PBXShellScriptBuildPhase;
			buildActionMask = 2147483647;
			files = (
			);
			inputFileListPaths = (
				"${PODS_ROOT}/Target Support Files/Pods-versi-app/Pods-versi-app-frameworks-${CONFIGURATION}-input-files.xcfilelist",
			);
			name = "[CP] Embed Pods Frameworks";
			outputFileListPaths = (
				"${PODS_ROOT}/Target Support Files/Pods-versi-app/Pods-versi-app-frameworks-${CONFIGURATION}-output-files.xcfilelist",
			);
			runOnlyForDeploymentPostprocessing = 0;
			shellPath = /bin/sh;
			shellScript = "\"${PODS_ROOT}/Target Support Files/Pods-versi-app/Pods-versi-app-frameworks.sh\"\n";
			showEnvVarsInLog = 0;
		};
/* End PBXShellScriptBuildPhase section */

/* Begin PBXSourcesBuildPhase section */
		05E3A772261C66D400DC1E29 /* Sources */ = {
			isa = PBXSourcesBuildPhase;
			buildActionMask = 2147483647;
			files = (
				05E3A77E261C66D400DC1E29 /* TrendingFeedVC.swift in Sources */,
				05C9D19B2625F68A002652BF /* SearchCell.swift in Sources */,
				0523A91B261C86ED006802CF /* RoundedButton.swift in Sources */,
				05E3A7B2261C6FCF00DC1E29 /* SearchVC.swift in Sources */,
				0523A921261C9043006802CF /* Repo.swift in Sources */,
				0523A924261CAB47006802CF /* TrendingRepoCell.swift in Sources */,
				05A1D4A4261DC38A0011BB2F /* Constants.swift in Sources */,
				0523A91E261C884A006802CF /* RoundedBorderTxtField.swift in Sources */,
				05E3A7AD261C6DE100DC1E29 /* LoadingView.swift in Sources */,
				05C9D19F2626BAF1002652BF /* UIViewControllerExt.swift in Sources */,
				05E3A77A261C66D400DC1E29 /* AppDelegate.swift in Sources */,
				05E3A77C261C66D400DC1E29 /* SceneDelegate.swift in Sources */,
				05A1D4A9261DC62E0011BB2F /* DownloadService.swift in Sources */,
			);
			runOnlyForDeploymentPostprocessing = 0;
		};
/* End PBXSourcesBuildPhase section */

/* Begin PBXVariantGroup section */
		05E3A77F261C66D400DC1E29 /* Main.storyboard */ = {
			isa = PBXVariantGroup;
			children = (
				05E3A780261C66D400DC1E29 /* Base */,
			);
			name = Main.storyboard;
			sourceTree = "<group>";
		};
		05E3A784261C66D400DC1E29 /* LaunchScreen.storyboard */ = {
			isa = PBXVariantGroup;
			children = (
				05E3A785261C66D400DC1E29 /* Base */,
			);
			name = LaunchScreen.storyboard;
			sourceTree = "<group>";
		};
/* End PBXVariantGroup section */

/* Begin XCBuildConfiguration section */
		05E3A788261C66D400DC1E29 /* Debug */ = {
			isa = XCBuildConfiguration;
			buildSettings = {
				ALWAYS_SEARCH_USER_PATHS = NO;
				CLANG_ANALYZER_NONNULL = YES;
				CLANG_ANALYZER_NUMBER_OBJECT_CONVERSION = YES_AGGRESSIVE;
				CLANG_CXX_LANGUAGE_STANDARD = "gnu++14";
				CLANG_CXX_LIBRARY = "libc++";
				CLANG_ENABLE_MODULES = YES;
				CLANG_ENABLE_OBJC_ARC = YES;
				CLANG_ENABLE_OBJC_WEAK = YES;
				CLANG_WARN_BLOCK_CAPTURE_AUTORELEASING = YES;
				CLANG_WARN_BOOL_CONVERSION = YES;
				CLANG_WARN_COMMA = YES;
				CLANG_WARN_CONSTANT_CONVERSION = YES;
				CLANG_WARN_DEPRECATED_OBJC_IMPLEMENTATIONS = YES;
				CLANG_WARN_DIRECT_OBJC_ISA_USAGE = YES_ERROR;
				CLANG_WARN_DOCUMENTATION_COMMENTS = YES;
				CLANG_WARN_EMPTY_BODY = YES;
				CLANG_WARN_ENUM_CONVERSION = YES;
				CLANG_WARN_INFINITE_RECURSION = YES;
				CLANG_WARN_INT_CONVERSION = YES;
				CLANG_WARN_NON_LITERAL_NULL_CONVERSION = YES;
				CLANG_WARN_OBJC_IMPLICIT_RETAIN_SELF = YES;
				CLANG_WARN_OBJC_LITERAL_CONVERSION = YES;
				CLANG_WARN_OBJC_ROOT_CLASS = YES_ERROR;
				CLANG_WARN_QUOTED_INCLUDE_IN_FRAMEWORK_HEADER = YES;
				CLANG_WARN_RANGE_LOOP_ANALYSIS = YES;
				CLANG_WARN_STRICT_PROTOTYPES = YES;
				CLANG_WARN_SUSPICIOUS_MOVE = YES;
				CLANG_WARN_UNGUARDED_AVAILABILITY = YES_AGGRESSIVE;
				CLANG_WARN_UNREACHABLE_CODE = YES;
				CLANG_WARN__DUPLICATE_METHOD_MATCH = YES;
				COPY_PHASE_STRIP = NO;
				DEBUG_INFORMATION_FORMAT = dwarf;
				ENABLE_STRICT_OBJC_MSGSEND = YES;
				ENABLE_TESTABILITY = YES;
				GCC_C_LANGUAGE_STANDARD = gnu11;
				GCC_DYNAMIC_NO_PIC = NO;
				GCC_NO_COMMON_BLOCKS = YES;
				GCC_OPTIMIZATION_LEVEL = 0;
				GCC_PREPROCESSOR_DEFINITIONS = (
					"DEBUG=1",
					"$(inherited)",
				);
				GCC_WARN_64_TO_32_BIT_CONVERSION = YES;
				GCC_WARN_ABOUT_RETURN_TYPE = YES_ERROR;
				GCC_WARN_UNDECLARED_SELECTOR = YES;
				GCC_WARN_UNINITIALIZED_AUTOS = YES_AGGRESSIVE;
				GCC_WARN_UNUSED_FUNCTION = YES;
				GCC_WARN_UNUSED_VARIABLE = YES;
				IPHONEOS_DEPLOYMENT_TARGET = 14.4;
				MTL_ENABLE_DEBUG_INFO = INCLUDE_SOURCE;
				MTL_FAST_MATH = YES;
				ONLY_ACTIVE_ARCH = YES;
				SDKROOT = iphoneos;
				SWIFT_ACTIVE_COMPILATION_CONDITIONS = DEBUG;
				SWIFT_OPTIMIZATION_LEVEL = "-Onone";
			};
			name = Debug;
		};
		05E3A789261C66D400DC1E29 /* Release */ = {
			isa = XCBuildConfiguration;
			buildSettings = {
				ALWAYS_SEARCH_USER_PATHS = NO;
				CLANG_ANALYZER_NONNULL = YES;
				CLANG_ANALYZER_NUMBER_OBJECT_CONVERSION = YES_AGGRESSIVE;
				CLANG_CXX_LANGUAGE_STANDARD = "gnu++14";
				CLANG_CXX_LIBRARY = "libc++";
				CLANG_ENABLE_MODULES = YES;
				CLANG_ENABLE_OBJC_ARC = YES;
				CLANG_ENABLE_OBJC_WEAK = YES;
				CLANG_WARN_BLOCK_CAPTURE_AUTORELEASING = YES;
				CLANG_WARN_BOOL_CONVERSION = YES;
				CLANG_WARN_COMMA = YES;
				CLANG_WARN_CONSTANT_CONVERSION = YES;
				CLANG_WARN_DEPRECATED_OBJC_IMPLEMENTATIONS = YES;
				CLANG_WARN_DIRECT_OBJC_ISA_USAGE = YES_ERROR;
				CLANG_WARN_DOCUMENTATION_COMMENTS = YES;
				CLANG_WARN_EMPTY_BODY = YES;
				CLANG_WARN_ENUM_CONVERSION = YES;
				CLANG_WARN_INFINITE_RECURSION = YES;
				CLANG_WARN_INT_CONVERSION = YES;
				CLANG_WARN_NON_LITERAL_NULL_CONVERSION = YES;
				CLANG_WARN_OBJC_IMPLICIT_RETAIN_SELF = YES;
				CLANG_WARN_OBJC_LITERAL_CONVERSION = YES;
				CLANG_WARN_OBJC_ROOT_CLASS = YES_ERROR;
				CLANG_WARN_QUOTED_INCLUDE_IN_FRAMEWORK_HEADER = YES;
				CLANG_WARN_RANGE_LOOP_ANALYSIS = YES;
				CLANG_WARN_STRICT_PROTOTYPES = YES;
				CLANG_WARN_SUSPICIOUS_MOVE = YES;
				CLANG_WARN_UNGUARDED_AVAILABILITY = YES_AGGRESSIVE;
				CLANG_WARN_UNREACHABLE_CODE = YES;
				CLANG_WARN__DUPLICATE_METHOD_MATCH = YES;
				COPY_PHASE_STRIP = NO;
				DEBUG_INFORMATION_FORMAT = "dwarf-with-dsym";
				ENABLE_NS_ASSERTIONS = NO;
				ENABLE_STRICT_OBJC_MSGSEND = YES;
				GCC_C_LANGUAGE_STANDARD = gnu11;
				GCC_NO_COMMON_BLOCKS = YES;
				GCC_WARN_64_TO_32_BIT_CONVERSION = YES;
				GCC_WARN_ABOUT_RETURN_TYPE = YES_ERROR;
				GCC_WARN_UNDECLARED_SELECTOR = YES;
				GCC_WARN_UNINITIALIZED_AUTOS = YES_AGGRESSIVE;
				GCC_WARN_UNUSED_FUNCTION = YES;
				GCC_WARN_UNUSED_VARIABLE = YES;
				IPHONEOS_DEPLOYMENT_TARGET = 14.4;
				MTL_ENABLE_DEBUG_INFO = NO;
				MTL_FAST_MATH = YES;
				SDKROOT = iphoneos;
				SWIFT_COMPILATION_MODE = wholemodule;
				SWIFT_OPTIMIZATION_LEVEL = "-O";
				VALIDATE_PRODUCT = YES;
			};
			name = Release;
		};
		05E3A78B261C66D400DC1E29 /* Debug */ = {
			isa = XCBuildConfiguration;
			baseConfigurationReference = 18F89D2ACEF2753AE908F4C8 /* Pods-versi-app.debug.xcconfig */;
			buildSettings = {
				ASSETCATALOG_COMPILER_APPICON_NAME = AppIcon;
				ASSETCATALOG_COMPILER_GLOBAL_ACCENT_COLOR_NAME = AccentColor;
				CODE_SIGN_STYLE = Automatic;
				DEVELOPMENT_TEAM = W8PA5V3MFD;
				INFOPLIST_FILE = "versi-app/Info.plist";
				LD_RUNPATH_SEARCH_PATHS = (
					"$(inherited)",
					"@executable_path/Frameworks",
				);
				PRODUCT_BUNDLE_IDENTIFIER = "com.maksimPonomarev.versi-app";
				PRODUCT_NAME = "$(TARGET_NAME)";
				SWIFT_VERSION = 5.0;
				TARGETED_DEVICE_FAMILY = 1;
			};
			name = Debug;
		};
		05E3A78C261C66D400DC1E29 /* Release */ = {
			isa = XCBuildConfiguration;
			baseConfigurationReference = B39CDA184C898DBBEAB429D1 /* Pods-versi-app.release.xcconfig */;
			buildSettings = {
				ASSETCATALOG_COMPILER_APPICON_NAME = AppIcon;
				ASSETCATALOG_COMPILER_GLOBAL_ACCENT_COLOR_NAME = AccentColor;
				CODE_SIGN_STYLE = Automatic;
				DEVELOPMENT_TEAM = W8PA5V3MFD;
				INFOPLIST_FILE = "versi-app/Info.plist";
				LD_RUNPATH_SEARCH_PATHS = (
					"$(inherited)",
					"@executable_path/Frameworks",
				);
				PRODUCT_BUNDLE_IDENTIFIER = "com.maksimPonomarev.versi-app";
				PRODUCT_NAME = "$(TARGET_NAME)";
				SWIFT_VERSION = 5.0;
				TARGETED_DEVICE_FAMILY = 1;
			};
			name = Release;
		};
/* End XCBuildConfiguration section */

/* Begin XCConfigurationList section */
		05E3A771261C66D400DC1E29 /* Build configuration list for PBXProject "versi-app" */ = {
			isa = XCConfigurationList;
			buildConfigurations = (
				05E3A788261C66D400DC1E29 /* Debug */,
				05E3A789261C66D400DC1E29 /* Release */,
			);
			defaultConfigurationIsVisible = 0;
			defaultConfigurationName = Release;
		};
		05E3A78A261C66D400DC1E29 /* Build configuration list for PBXNativeTarget "versi-app" */ = {
			isa = XCConfigurationList;
			buildConfigurations = (
				05E3A78B261C66D400DC1E29 /* Debug */,
				05E3A78C261C66D400DC1E29 /* Release */,
			);
			defaultConfigurationIsVisible = 0;
			defaultConfigurationName = Release;
		};
/* End XCConfigurationList section */
	};
	rootObject = 05E3A76E261C66D400DC1E29 /* Project object */;
}
